// !$*UTF8*$!
{
	archiveVersion = 1;
	classes = {
	};
	objectVersion = 46;
	objects = {

/* Begin PBXBuildFile section */
		0A34FDFB1AEA0F64008144B4 /* KS3Util.m in Sources */ = {isa = PBXBuildFile; fileRef = 0A34FDFA1AEA0F64008144B4 /* KS3Util.m */; };
		13215E981A4123A800B4AC64 /* ObjectViewController.m in Sources */ = {isa = PBXBuildFile; fileRef = 13215E971A4123A800B4AC64 /* ObjectViewController.m */; };
		13215EA01A416F7D00B4AC64 /* bugDownload.txt in Resources */ = {isa = PBXBuildFile; fileRef = 13215E9F1A416F7D00B4AC64 /* bugDownload.txt */; };
		13215EA41A418A8B00B4AC64 /* test.jpg in Resources */ = {isa = PBXBuildFile; fileRef = 13215EA31A418A8B00B4AC64 /* test.jpg */; };
		13ECA35B1ADFB50500DB3AAE /* KS3YunSDK.framework in Frameworks */ = {isa = PBXBuildFile; fileRef = 130B17001A5E3612006AB149 /* KS3YunSDK.framework */; };
		13ECA35C1ADFB50500DB3AAE /* KS3YunSDK.framework in Embed Frameworks */ = {isa = PBXBuildFile; fileRef = 130B17001A5E3612006AB149 /* KS3YunSDK.framework */; settings = {ATTRIBUTES = (CodeSignOnCopy, RemoveHeadersOnCopy, ); }; };
		13ECA4231AE67D7C00DB3AAE /* +-.jpg in Resources */ = {isa = PBXBuildFile; fileRef = 13ECA4221AE67D7C00DB3AAE /* +-.jpg */; };
		13EECBE51A402237004199BD /* main.m in Sources */ = {isa = PBXBuildFile; fileRef = 13EECBE41A402237004199BD /* main.m */; };
		13EECBE81A402237004199BD /* AppDelegate.m in Sources */ = {isa = PBXBuildFile; fileRef = 13EECBE71A402237004199BD /* AppDelegate.m */; };
		13EECBEB1A402237004199BD /* ViewController.m in Sources */ = {isa = PBXBuildFile; fileRef = 13EECBEA1A402237004199BD /* ViewController.m */; };
		13EECBEE1A402237004199BD /* Main.storyboard in Resources */ = {isa = PBXBuildFile; fileRef = 13EECBEC1A402237004199BD /* Main.storyboard */; };
		13EECBF01A402237004199BD /* Images.xcassets in Resources */ = {isa = PBXBuildFile; fileRef = 13EECBEF1A402237004199BD /* Images.xcassets */; };
		13EECBF31A402237004199BD /* LaunchScreen.xib in Resources */ = {isa = PBXBuildFile; fileRef = 13EECBF11A402237004199BD /* LaunchScreen.xib */; };
		13EECBFF1A402238004199BD /* KS3iOSSDKDemoTests.m in Sources */ = {isa = PBXBuildFile; fileRef = 13EECBFE1A402238004199BD /* KS3iOSSDKDemoTests.m */; };
		13EECD551A402F80004199BD /* ServiceViewController.m in Sources */ = {isa = PBXBuildFile; fileRef = 13EECD541A402F80004199BD /* ServiceViewController.m */; };
		13EECD5A1A403964004199BD /* ListBucketViewController.m in Sources */ = {isa = PBXBuildFile; fileRef = 13EECD591A403964004199BD /* ListBucketViewController.m */; };
		13EECD601A403A7B004199BD /* BucketViewController.m in Sources */ = {isa = PBXBuildFile; fileRef = 13EECD5F1A403A7B004199BD /* BucketViewController.m */; };
		13EECD631A403C3D004199BD /* CreateBucketViewController.m in Sources */ = {isa = PBXBuildFile; fileRef = 13EECD621A403C3D004199BD /* CreateBucketViewController.m */; };
		13EECD661A405A13004199BD /* GetAllObjectsViewController.m in Sources */ = {isa = PBXBuildFile; fileRef = 13EECD651A405A13004199BD /* GetAllObjectsViewController.m */; };
/* End PBXBuildFile section */

/* Begin PBXContainerItemProxy section */
		13EECBF91A402238004199BD /* PBXContainerItemProxy */ = {
			isa = PBXContainerItemProxy;
			containerPortal = 13EECBD71A402237004199BD /* Project object */;
			proxyType = 1;
			remoteGlobalIDString = 13EECBDE1A402237004199BD;
			remoteInfo = KS3iOSSDKDemo;
		};
/* End PBXContainerItemProxy section */

/* Begin PBXCopyFilesBuildPhase section */
		13ECA35D1ADFB50600DB3AAE /* Embed Frameworks */ = {
			isa = PBXCopyFilesBuildPhase;
			buildActionMask = 2147483647;
			dstPath = "";
			dstSubfolderSpec = 10;
			files = (
				13ECA35C1ADFB50500DB3AAE /* KS3YunSDK.framework in Embed Frameworks */,
			);
			name = "Embed Frameworks";
			runOnlyForDeploymentPostprocessing = 0;
		};
/* End PBXCopyFilesBuildPhase section */

/* Begin PBXFileReference section */
		0A34FDF91AEA0F64008144B4 /* KS3Util.h */ = {isa = PBXFileReference; fileEncoding = 4; lastKnownFileType = sourcecode.c.h; path = KS3Util.h; sourceTree = "<group>"; };
		0A34FDFA1AEA0F64008144B4 /* KS3Util.m */ = {isa = PBXFileReference; fileEncoding = 4; lastKnownFileType = sourcecode.c.objc; path = KS3Util.m; sourceTree = "<group>"; };
		130B17001A5E3612006AB149 /* KS3YunSDK.framework */ = {isa = PBXFileReference; lastKnownFileType = wrapper.framework; path = KS3YunSDK.framework; sourceTree = "<group>"; };
		13215E961A4123A800B4AC64 /* ObjectViewController.h */ = {isa = PBXFileReference; fileEncoding = 4; lastKnownFileType = sourcecode.c.h; path = ObjectViewController.h; sourceTree = "<group>"; };
		13215E971A4123A800B4AC64 /* ObjectViewController.m */ = {isa = PBXFileReference; fileEncoding = 4; lastKnownFileType = sourcecode.c.objc; path = ObjectViewController.m; sourceTree = "<group>"; };
		13215E9F1A416F7D00B4AC64 /* bugDownload.txt */ = {isa = PBXFileReference; fileEncoding = 4; lastKnownFileType = text; path = bugDownload.txt; sourceTree = SOURCE_ROOT; };
		13215EA31A418A8B00B4AC64 /* test.jpg */ = {isa = PBXFileReference; lastKnownFileType = image.jpeg; path = test.jpg; sourceTree = SOURCE_ROOT; };
		13ECA4221AE67D7C00DB3AAE /* +-.jpg */ = {isa = PBXFileReference; lastKnownFileType = image.jpeg; path = "+-.jpg"; sourceTree = SOURCE_ROOT; };
		13EECBDF1A402237004199BD /* KS3iOSSDKDemo.app */ = {isa = PBXFileReference; explicitFileType = wrapper.application; includeInIndex = 0; path = KS3iOSSDKDemo.app; sourceTree = BUILT_PRODUCTS_DIR; };
		13EECBE31A402237004199BD /* Info.plist */ = {isa = PBXFileReference; lastKnownFileType = text.plist.xml; path = Info.plist; sourceTree = "<group>"; };
		13EECBE41A402237004199BD /* main.m */ = {isa = PBXFileReference; lastKnownFileType = sourcecode.c.objc; path = main.m; sourceTree = "<group>"; };
		13EECBE61A402237004199BD /* AppDelegate.h */ = {isa = PBXFileReference; lastKnownFileType = sourcecode.c.h; path = AppDelegate.h; sourceTree = "<group>"; };
		13EECBE71A402237004199BD /* AppDelegate.m */ = {isa = PBXFileReference; lastKnownFileType = sourcecode.c.objc; path = AppDelegate.m; sourceTree = "<group>"; };
		13EECBE91A402237004199BD /* ViewController.h */ = {isa = PBXFileReference; lastKnownFileType = sourcecode.c.h; path = ViewController.h; sourceTree = "<group>"; };
		13EECBEA1A402237004199BD /* ViewController.m */ = {isa = PBXFileReference; lastKnownFileType = sourcecode.c.objc; path = ViewController.m; sourceTree = "<group>"; };
		13EECBED1A402237004199BD /* Base */ = {isa = PBXFileReference; lastKnownFileType = file.storyboard; name = Base; path = Base.lproj/Main.storyboard; sourceTree = "<group>"; };
		13EECBEF1A402237004199BD /* Images.xcassets */ = {isa = PBXFileReference; lastKnownFileType = folder.assetcatalog; path = Images.xcassets; sourceTree = "<group>"; };
		13EECBF21A402237004199BD /* Base */ = {isa = PBXFileReference; lastKnownFileType = file.xib; name = Base; path = Base.lproj/LaunchScreen.xib; sourceTree = "<group>"; };
		13EECBF81A402238004199BD /* KS3iOSSDKDemoTests.xctest */ = {isa = PBXFileReference; explicitFileType = wrapper.cfbundle; includeInIndex = 0; path = KS3iOSSDKDemoTests.xctest; sourceTree = BUILT_PRODUCTS_DIR; };
		13EECBFD1A402238004199BD /* Info.plist */ = {isa = PBXFileReference; lastKnownFileType = text.plist.xml; path = Info.plist; sourceTree = "<group>"; };
		13EECBFE1A402238004199BD /* KS3iOSSDKDemoTests.m */ = {isa = PBXFileReference; lastKnownFileType = sourcecode.c.objc; path = KS3iOSSDKDemoTests.m; sourceTree = "<group>"; };
		13EECD531A402F80004199BD /* ServiceViewController.h */ = {isa = PBXFileReference; fileEncoding = 4; lastKnownFileType = sourcecode.c.h; path = ServiceViewController.h; sourceTree = "<group>"; };
		13EECD541A402F80004199BD /* ServiceViewController.m */ = {isa = PBXFileReference; fileEncoding = 4; lastKnownFileType = sourcecode.c.objc; path = ServiceViewController.m; sourceTree = "<group>"; };
		13EECD581A403964004199BD /* ListBucketViewController.h */ = {isa = PBXFileReference; fileEncoding = 4; lastKnownFileType = sourcecode.c.h; path = ListBucketViewController.h; sourceTree = "<group>"; };
		13EECD591A403964004199BD /* ListBucketViewController.m */ = {isa = PBXFileReference; fileEncoding = 4; lastKnownFileType = sourcecode.c.objc; path = ListBucketViewController.m; sourceTree = "<group>"; };
		13EECD5E1A403A7B004199BD /* BucketViewController.h */ = {isa = PBXFileReference; fileEncoding = 4; lastKnownFileType = sourcecode.c.h; path = BucketViewController.h; sourceTree = "<group>"; };
		13EECD5F1A403A7B004199BD /* BucketViewController.m */ = {isa = PBXFileReference; fileEncoding = 4; lastKnownFileType = sourcecode.c.objc; path = BucketViewController.m; sourceTree = "<group>"; };
		13EECD611A403C3D004199BD /* CreateBucketViewController.h */ = {isa = PBXFileReference; fileEncoding = 4; lastKnownFileType = sourcecode.c.h; path = CreateBucketViewController.h; sourceTree = "<group>"; };
		13EECD621A403C3D004199BD /* CreateBucketViewController.m */ = {isa = PBXFileReference; fileEncoding = 4; lastKnownFileType = sourcecode.c.objc; path = CreateBucketViewController.m; sourceTree = "<group>"; };
		13EECD641A405A13004199BD /* GetAllObjectsViewController.h */ = {isa = PBXFileReference; fileEncoding = 4; lastKnownFileType = sourcecode.c.h; path = GetAllObjectsViewController.h; sourceTree = "<group>"; };
		13EECD651A405A13004199BD /* GetAllObjectsViewController.m */ = {isa = PBXFileReference; fileEncoding = 4; lastKnownFileType = sourcecode.c.objc; path = GetAllObjectsViewController.m; sourceTree = "<group>"; };
/* End PBXFileReference section */

/* Begin PBXFrameworksBuildPhase section */
		13EECBDC1A402237004199BD /* Frameworks */ = {
			isa = PBXFrameworksBuildPhase;
			buildActionMask = 2147483647;
			files = (
				13ECA35B1ADFB50500DB3AAE /* KS3YunSDK.framework in Frameworks */,
			);
			runOnlyForDeploymentPostprocessing = 0;
		};
		13EECBF51A402238004199BD /* Frameworks */ = {
			isa = PBXFrameworksBuildPhase;
			buildActionMask = 2147483647;
			files = (
			);
			runOnlyForDeploymentPostprocessing = 0;
		};
/* End PBXFrameworksBuildPhase section */

/* Begin PBXGroup section */
		13EECBD61A402237004199BD = {
			isa = PBXGroup;
			children = (
				130B17001A5E3612006AB149 /* KS3YunSDK.framework */,
				13EECBE11A402237004199BD /* KS3iOSSDKDemo */,
				13EECBFB1A402238004199BD /* KS3iOSSDKDemoTests */,
				13EECBE01A402237004199BD /* Products */,
			);
			sourceTree = "<group>";
		};
		13EECBE01A402237004199BD /* Products */ = {
			isa = PBXGroup;
			children = (
				13EECBDF1A402237004199BD /* KS3iOSSDKDemo.app */,
				13EECBF81A402238004199BD /* KS3iOSSDKDemoTests.xctest */,
			);
			name = Products;
			sourceTree = "<group>";
		};
		13EECBE11A402237004199BD /* KS3iOSSDKDemo */ = {
			isa = PBXGroup;
			children = (
				13EECBE61A402237004199BD /* AppDelegate.h */,
				13EECBE71A402237004199BD /* AppDelegate.m */,
				13EECBE91A402237004199BD /* ViewController.h */,
				13EECBEA1A402237004199BD /* ViewController.m */,
				13EECD5B1A403A41004199BD /* Service */,
				13EECD5C1A403A4E004199BD /* Bucket */,
				13EECD5D1A403A54004199BD /* Object */,
				13EECBEC1A402237004199BD /* Main.storyboard */,
				13EECBEF1A402237004199BD /* Images.xcassets */,
				13EECBF11A402237004199BD /* LaunchScreen.xib */,
				13EECBE21A402237004199BD /* Supporting Files */,
				0A34FDF91AEA0F64008144B4 /* KS3Util.h */,
				0A34FDFA1AEA0F64008144B4 /* KS3Util.m */,
			);
			path = KS3iOSSDKDemo;
			sourceTree = "<group>";
		};
		13EECBE21A402237004199BD /* Supporting Files */ = {
			isa = PBXGroup;
			children = (
				13ECA4221AE67D7C00DB3AAE /* +-.jpg */,
				13215EA31A418A8B00B4AC64 /* test.jpg */,
				13215E9F1A416F7D00B4AC64 /* bugDownload.txt */,
				13EECBE31A402237004199BD /* Info.plist */,
				13EECBE41A402237004199BD /* main.m */,
			);
			name = "Supporting Files";
			sourceTree = "<group>";
		};
		13EECBFB1A402238004199BD /* KS3iOSSDKDemoTests */ = {
			isa = PBXGroup;
			children = (
				13EECBFE1A402238004199BD /* KS3iOSSDKDemoTests.m */,
				13EECBFC1A402238004199BD /* Supporting Files */,
			);
			path = KS3iOSSDKDemoTests;
			sourceTree = "<group>";
		};
		13EECBFC1A402238004199BD /* Supporting Files */ = {
			isa = PBXGroup;
			children = (
				13EECBFD1A402238004199BD /* Info.plist */,
			);
			name = "Supporting Files";
			sourceTree = "<group>";
		};
		13EECD5B1A403A41004199BD /* Service */ = {
			isa = PBXGroup;
			children = (
				13EECD531A402F80004199BD /* ServiceViewController.h */,
				13EECD541A402F80004199BD /* ServiceViewController.m */,
				13EECD581A403964004199BD /* ListBucketViewController.h */,
				13EECD591A403964004199BD /* ListBucketViewController.m */,
			);
			name = Service;
			sourceTree = "<group>";
		};
		13EECD5C1A403A4E004199BD /* Bucket */ = {
			isa = PBXGroup;
			children = (
				13EECD5E1A403A7B004199BD /* BucketViewController.h */,
				13EECD5F1A403A7B004199BD /* BucketViewController.m */,
				13EECD611A403C3D004199BD /* CreateBucketViewController.h */,
				13EECD621A403C3D004199BD /* CreateBucketViewController.m */,
				13EECD641A405A13004199BD /* GetAllObjectsViewController.h */,
				13EECD651A405A13004199BD /* GetAllObjectsViewController.m */,
			);
			name = Bucket;
			sourceTree = "<group>";
		};
		13EECD5D1A403A54004199BD /* Object */ = {
			isa = PBXGroup;
			children = (
				13215E961A4123A800B4AC64 /* ObjectViewController.h */,
				13215E971A4123A800B4AC64 /* ObjectViewController.m */,
			);
			name = Object;
			sourceTree = "<group>";
		};
/* End PBXGroup section */

/* Begin PBXNativeTarget section */
		13EECBDE1A402237004199BD /* KS3iOSSDKDemo */ = {
			isa = PBXNativeTarget;
			buildConfigurationList = 13EECC021A402238004199BD /* Build configuration list for PBXNativeTarget "KS3iOSSDKDemo" */;
			buildPhases = (
				13EECBDB1A402237004199BD /* Sources */,
				13EECBDC1A402237004199BD /* Frameworks */,
				13EECBDD1A402237004199BD /* Resources */,
				13ECA35D1ADFB50600DB3AAE /* Embed Frameworks */,
			);
			buildRules = (
			);
			dependencies = (
			);
			name = KS3iOSSDKDemo;
			productName = KS3iOSSDKDemo;
			productReference = 13EECBDF1A402237004199BD /* KS3iOSSDKDemo.app */;
			productType = "com.apple.product-type.application";
		};
		13EECBF71A402238004199BD /* KS3iOSSDKDemoTests */ = {
			isa = PBXNativeTarget;
			buildConfigurationList = 13EECC051A402238004199BD /* Build configuration list for PBXNativeTarget "KS3iOSSDKDemoTests" */;
			buildPhases = (
				13EECBF41A402238004199BD /* Sources */,
				13EECBF51A402238004199BD /* Frameworks */,
				13EECBF61A402238004199BD /* Resources */,
			);
			buildRules = (
			);
			dependencies = (
				13EECBFA1A402238004199BD /* PBXTargetDependency */,
			);
			name = KS3iOSSDKDemoTests;
			productName = KS3iOSSDKDemoTests;
			productReference = 13EECBF81A402238004199BD /* KS3iOSSDKDemoTests.xctest */;
			productType = "com.apple.product-type.bundle.unit-test";
		};
/* End PBXNativeTarget section */

/* Begin PBXProject section */
		13EECBD71A402237004199BD /* Project object */ = {
			isa = PBXProject;
			attributes = {
				LastUpgradeCheck = 0610;
				ORGANIZATIONNAME = Blues;
				TargetAttributes = {
					13EECBDE1A402237004199BD = {
						CreatedOnToolsVersion = 6.1;
					};
					13EECBF71A402238004199BD = {
						CreatedOnToolsVersion = 6.1;
						TestTargetID = 13EECBDE1A402237004199BD;
					};
				};
			};
			buildConfigurationList = 13EECBDA1A402237004199BD /* Build configuration list for PBXProject "KS3iOSSDKDemo" */;
			compatibilityVersion = "Xcode 3.2";
			developmentRegion = English;
			hasScannedForEncodings = 0;
			knownRegions = (
				en,
				Base,
			);
			mainGroup = 13EECBD61A402237004199BD;
			productRefGroup = 13EECBE01A402237004199BD /* Products */;
			projectDirPath = "";
			projectRoot = "";
			targets = (
				13EECBDE1A402237004199BD /* KS3iOSSDKDemo */,
				13EECBF71A402238004199BD /* KS3iOSSDKDemoTests */,
			);
		};
/* End PBXProject section */

/* Begin PBXResourcesBuildPhase section */
		13EECBDD1A402237004199BD /* Resources */ = {
			isa = PBXResourcesBuildPhase;
			buildActionMask = 2147483647;
			files = (
				13EECBEE1A402237004199BD /* Main.storyboard in Resources */,
				13ECA4231AE67D7C00DB3AAE /* +-.jpg in Resources */,
				13215EA41A418A8B00B4AC64 /* test.jpg in Resources */,
				13EECBF31A402237004199BD /* LaunchScreen.xib in Resources */,
				13EECBF01A402237004199BD /* Images.xcassets in Resources */,
				13215EA01A416F7D00B4AC64 /* bugDownload.txt in Resources */,
			);
			runOnlyForDeploymentPostprocessing = 0;
		};
		13EECBF61A402238004199BD /* Resources */ = {
			isa = PBXResourcesBuildPhase;
			buildActionMask = 2147483647;
			files = (
			);
			runOnlyForDeploymentPostprocessing = 0;
		};
/* End PBXResourcesBuildPhase section */

/* Begin PBXSourcesBuildPhase section */
		13EECBDB1A402237004199BD /* Sources */ = {
			isa = PBXSourcesBuildPhase;
			buildActionMask = 2147483647;
			files = (
				13EECBEB1A402237004199BD /* ViewController.m in Sources */,
				13EECD631A403C3D004199BD /* CreateBucketViewController.m in Sources */,
				13EECD5A1A403964004199BD /* ListBucketViewController.m in Sources */,
				0A34FDFB1AEA0F64008144B4 /* KS3Util.m in Sources */,
				13EECD601A403A7B004199BD /* BucketViewController.m in Sources */,
				13EECD661A405A13004199BD /* GetAllObjectsViewController.m in Sources */,
				13215E981A4123A800B4AC64 /* ObjectViewController.m in Sources */,
				13EECBE81A402237004199BD /* AppDelegate.m in Sources */,
				13EECD551A402F80004199BD /* ServiceViewController.m in Sources */,
				13EECBE51A402237004199BD /* main.m in Sources */,
			);
			runOnlyForDeploymentPostprocessing = 0;
		};
		13EECBF41A402238004199BD /* Sources */ = {
			isa = PBXSourcesBuildPhase;
			buildActionMask = 2147483647;
			files = (
				13EECBFF1A402238004199BD /* KS3iOSSDKDemoTests.m in Sources */,
			);
			runOnlyForDeploymentPostprocessing = 0;
		};
/* End PBXSourcesBuildPhase section */

/* Begin PBXTargetDependency section */
		13EECBFA1A402238004199BD /* PBXTargetDependency */ = {
			isa = PBXTargetDependency;
			target = 13EECBDE1A402237004199BD /* KS3iOSSDKDemo */;
			targetProxy = 13EECBF91A402238004199BD /* PBXContainerItemProxy */;
		};
/* End PBXTargetDependency section */

/* Begin PBXVariantGroup section */
		13EECBEC1A402237004199BD /* Main.storyboard */ = {
			isa = PBXVariantGroup;
			children = (
				13EECBED1A402237004199BD /* Base */,
			);
			name = Main.storyboard;
			sourceTree = "<group>";
		};
		13EECBF11A402237004199BD /* LaunchScreen.xib */ = {
			isa = PBXVariantGroup;
			children = (
				13EECBF21A402237004199BD /* Base */,
			);
			name = LaunchScreen.xib;
			sourceTree = "<group>";
		};
/* End PBXVariantGroup section */

/* Begin XCBuildConfiguration section */
		13EECC001A402238004199BD /* Debug */ = {
			isa = XCBuildConfiguration;
			buildSettings = {
				ALWAYS_SEARCH_USER_PATHS = NO;
				CLANG_CXX_LANGUAGE_STANDARD = "gnu++0x";
				CLANG_CXX_LIBRARY = "libc++";
				CLANG_ENABLE_MODULES = YES;
				CLANG_ENABLE_OBJC_ARC = YES;
				CLANG_WARN_BOOL_CONVERSION = YES;
				CLANG_WARN_CONSTANT_CONVERSION = YES;
				CLANG_WARN_DIRECT_OBJC_ISA_USAGE = YES_ERROR;
				CLANG_WARN_EMPTY_BODY = YES;
				CLANG_WARN_ENUM_CONVERSION = YES;
				CLANG_WARN_INT_CONVERSION = YES;
				CLANG_WARN_OBJC_ROOT_CLASS = YES_ERROR;
				CLANG_WARN_UNREACHABLE_CODE = YES;
				CLANG_WARN__DUPLICATE_METHOD_MATCH = YES;
				"CODE_SIGN_IDENTITY[sdk=iphoneos*]" = "iPhone Developer";
				COPY_PHASE_STRIP = NO;
				ENABLE_STRICT_OBJC_MSGSEND = YES;
				GCC_C_LANGUAGE_STANDARD = gnu99;
				GCC_DYNAMIC_NO_PIC = NO;
				GCC_OPTIMIZATION_LEVEL = 0;
				GCC_PREPROCESSOR_DEFINITIONS = (
					"DEBUG=1",
					"$(inherited)",
				);
				GCC_SYMBOLS_PRIVATE_EXTERN = NO;
				GCC_WARN_64_TO_32_BIT_CONVERSION = YES;
				GCC_WARN_ABOUT_RETURN_TYPE = YES_ERROR;
				GCC_WARN_UNDECLARED_SELECTOR = YES;
				GCC_WARN_UNINITIALIZED_AUTOS = YES_AGGRESSIVE;
				GCC_WARN_UNUSED_FUNCTION = YES;
				GCC_WARN_UNUSED_VARIABLE = YES;
				IPHONEOS_DEPLOYMENT_TARGET = 7.0;
				MTL_ENABLE_DEBUG_INFO = YES;
				ONLY_ACTIVE_ARCH = YES;
				PROVISIONING_PROFILE = "a8e06075-1073-489e-8e8b-e5bf148654b8";
				SDKROOT = iphoneos;
			};
			name = Debug;
		};
		13EECC011A402238004199BD /* Release */ = {
			isa = XCBuildConfiguration;
			buildSettings = {
				ALWAYS_SEARCH_USER_PATHS = NO;
				CLANG_CXX_LANGUAGE_STANDARD = "gnu++0x";
				CLANG_CXX_LIBRARY = "libc++";
				CLANG_ENABLE_MODULES = YES;
				CLANG_ENABLE_OBJC_ARC = YES;
				CLANG_WARN_BOOL_CONVERSION = YES;
				CLANG_WARN_CONSTANT_CONVERSION = YES;
				CLANG_WARN_DIRECT_OBJC_ISA_USAGE = YES_ERROR;
				CLANG_WARN_EMPTY_BODY = YES;
				CLANG_WARN_ENUM_CONVERSION = YES;
				CLANG_WARN_INT_CONVERSION = YES;
				CLANG_WARN_OBJC_ROOT_CLASS = YES_ERROR;
				CLANG_WARN_UNREACHABLE_CODE = YES;
				CLANG_WARN__DUPLICATE_METHOD_MATCH = YES;
				CODE_SIGN_IDENTITY = "iPhone Developer: Cheng Zhou (V43246M398)";
				"CODE_SIGN_IDENTITY[sdk=iphoneos*]" = "iPhone Developer: Cheng Zhou (V43246M398)";
				COPY_PHASE_STRIP = YES;
				ENABLE_NS_ASSERTIONS = NO;
				ENABLE_STRICT_OBJC_MSGSEND = YES;
				GCC_C_LANGUAGE_STANDARD = gnu99;
				GCC_WARN_64_TO_32_BIT_CONVERSION = YES;
				GCC_WARN_ABOUT_RETURN_TYPE = YES_ERROR;
				GCC_WARN_UNDECLARED_SELECTOR = YES;
				GCC_WARN_UNINITIALIZED_AUTOS = YES_AGGRESSIVE;
				GCC_WARN_UNUSED_FUNCTION = YES;
				GCC_WARN_UNUSED_VARIABLE = YES;
				IPHONEOS_DEPLOYMENT_TARGET = 7.0;
				MTL_ENABLE_DEBUG_INFO = NO;
				PROVISIONING_PROFILE = "a8e06075-1073-489e-8e8b-e5bf148654b8";
				SDKROOT = iphoneos;
				VALIDATE_PRODUCT = YES;
			};
			name = Release;
		};
		13EECC031A402238004199BD /* Debug */ = {
			isa = XCBuildConfiguration;
			buildSettings = {
				ASSETCATALOG_COMPILER_APPICON_NAME = AppIcon;
				CODE_SIGN_IDENTITY = "iPhone Developer: Cheng Zhou (V43246M398)";
				FRAMEWORK_SEARCH_PATHS = (
					"$(inherited)",
					"$(PROJECT_DIR)",
				);
				INFOPLIST_FILE = KS3iOSSDKDemo/Info.plist;
				LD_RUNPATH_SEARCH_PATHS = "$(inherited) @executable_path/Frameworks";
				ONLY_ACTIVE_ARCH = NO;
				PRODUCT_NAME = "$(TARGET_NAME)";
				PROVISIONING_PROFILE = "a8e06075-1073-489e-8e8b-e5bf148654b8";
			};
			name = Debug;
		};
		13EECC041A402238004199BD /* Release */ = {
			isa = XCBuildConfiguration;
			buildSettings = {
				ASSETCATALOG_COMPILER_APPICON_NAME = AppIcon;
				CODE_SIGN_IDENTITY = "iPhone Developer: Cheng Zhou (V43246M398)";
				FRAMEWORK_SEARCH_PATHS = (
					"$(inherited)",
					"$(PROJECT_DIR)",
				);
				INFOPLIST_FILE = KS3iOSSDKDemo/Info.plist;
				LD_RUNPATH_SEARCH_PATHS = "$(inherited) @executable_path/Frameworks";
				ONLY_ACTIVE_ARCH = YES;
				PRODUCT_NAME = "$(TARGET_NAME)";
				PROVISIONING_PROFILE = "a8e06075-1073-489e-8e8b-e5bf148654b8";
			};
			name = Release;
		};
		13EECC061A402238004199BD /* Debug */ = {
			isa = XCBuildConfiguration;
			buildSettings = {
				BUNDLE_LOADER = "$(TEST_HOST)";
				FRAMEWORK_SEARCH_PATHS = (
					"$(SDKROOT)/Developer/Library/Frameworks",
					"$(inherited)",
					"$(PROJECT_DIR)",
				);
				GCC_PREPROCESSOR_DEFINITIONS = (
					"DEBUG=1",
					"$(inherited)",
				);
				INFOPLIST_FILE = KS3iOSSDKDemoTests/Info.plist;
				LD_RUNPATH_SEARCH_PATHS = "$(inherited) @executable_path/Frameworks @loader_path/Frameworks";
				PRODUCT_NAME = "$(TARGET_NAME)";
				TEST_HOST = "$(BUILT_PRODUCTS_DIR)/KS3iOSSDKDemo.app/KS3iOSSDKDemo";
			};
			name = Debug;
		};
		13EECC071A402238004199BD /* Release */ = {
			isa = XCBuildConfiguration;
			buildSettings = {
				BUNDLE_LOADER = "$(TEST_HOST)";
				FRAMEWORK_SEARCH_PATHS = (
					"$(SDKROOT)/Developer/Library/Frameworks",
					"$(inherited)",
					"$(PROJECT_DIR)",
				);
				INFOPLIST_FILE = KS3iOSSDKDemoTests/Info.plist;
				LD_RUNPATH_SEARCH_PATHS = "$(inherited) @executable_path/Frameworks @loader_path/Frameworks";
				PRODUCT_NAME = "$(TARGET_NAME)";
				TEST_HOST = "$(BUILT_PRODUCTS_DIR)/KS3iOSSDKDemo.app/KS3iOSSDKDemo";
			};
			name = Release;
		};
/* End XCBuildConfiguration section */

/* Begin XCConfigurationList section */
		13EECBDA1A402237004199BD /* Build configuration list for PBXProject "KS3iOSSDKDemo" */ = {
			isa = XCConfigurationList;
			buildConfigurations = (
				13EECC001A402238004199BD /* Debug */,
				13EECC011A402238004199BD /* Release */,
			);
			defaultConfigurationIsVisible = 0;
			defaultConfigurationName = Release;
		};
		13EECC021A402238004199BD /* Build configuration list for PBXNativeTarget "KS3iOSSDKDemo" */ = {
			isa = XCConfigurationList;
			buildConfigurations = (
				13EECC031A402238004199BD /* Debug */,
				13EECC041A402238004199BD /* Release */,
			);
			defaultConfigurationIsVisible = 0;
			defaultConfigurationName = Release;
		};
		13EECC051A402238004199BD /* Build configuration list for PBXNativeTarget "KS3iOSSDKDemoTests" */ = {
			isa = XCConfigurationList;
			buildConfigurations = (
				13EECC061A402238004199BD /* Debug */,
				13EECC071A402238004199BD /* Release */,
			);
			defaultConfigurationIsVisible = 0;
			defaultConfigurationName = Release;
		};
/* End XCConfigurationList section */
	};
	rootObject = 13EECBD71A402237004199BD /* Project object */;
}
